
Microsoft Visual Studio Solution File, Format Version 12.00
# Visual Studio Version 17
VisualStudioVersion = 17.4.33122.133
MinimumVisualStudioVersion = 10.0.40219.1
Project("{9A19103F-16F7-4668-BE54-9A1E7A4F7556}") = "test", "test\test.csproj", "{372E8B8C-FDE0-47BE-8D19-15D85E7C81BE}"
EndProject
Project("{9A19103F-16F7-4668-BE54-9A1E7A4F7556}") = "Flat", "Flat-main\Flat.csproj", "{866B66E1-7E2D-43E2-8B14-633D4B1D1747}"
EndProject
Project("{FAE04EC0-301F-11D3-BF4B-00C04F79EFBC}") = "PhysicsEngine", "PhysicsEngine\PhysicsEngine.csproj", "{4544D045-746C-4F9B-8FA6-9DF69986261E}"
EndProject
Global
	GlobalSection(SolutionConfigurationPlatforms) = preSolution
		Debug|Any CPU = Debug|Any CPU
		Debug|x64 = Debug|x64
		Release|Any CPU = Release|Any CPU
		Release|x64 = Release|x64
	EndGlobalSection
	GlobalSection(ProjectConfigurationPlatforms) = postSolution
		{372E8B8C-FDE0-47BE-8D19-15D85E7C81BE}.Debug|Any CPU.ActiveCfg = Debug|Any CPU
		{372E8B8C-FDE0-47BE-8D19-15D85E7C81BE}.Debug|Any CPU.Build.0 = Debug|Any CPU
		{372E8B8C-FDE0-47BE-8D19-15D85E7C81BE}.Debug|x64.ActiveCfg = Debug|Any CPU
		{372E8B8C-FDE0-47BE-8D19-15D85E7C81BE}.Debug|x64.Build.0 = Debug|Any CPU
		{372E8B8C-FDE0-47BE-8D19-15D85E7C81BE}.Release|Any CPU.ActiveCfg = Release|Any CPU
		{372E8B8C-FDE0-47BE-8D19-15D85E7C81BE}.Release|Any CPU.Build.0 = Release|Any CPU
		{372E8B8C-FDE0-47BE-8D19-15D85E7C81BE}.Release|x64.ActiveCfg = Release|Any CPU
		{372E8B8C-FDE0-47BE-8D19-15D85E7C81BE}.Release|x64.Build.0 = Release|Any CPU
		{866B66E1-7E2D-43E2-8B14-633D4B1D1747}.Debug|Any CPU.ActiveCfg = Debug|Any CPU
		{866B66E1-7E2D-43E2-8B14-633D4B1D1747}.Debug|Any CPU.Build.0 = Debug|Any CPU
		{866B66E1-7E2D-43E2-8B14-633D4B1D1747}.Debug|x64.ActiveCfg = Debug|x64
		{866B66E1-7E2D-43E2-8B14-633D4B1D1747}.Debug|x64.Build.0 = Debug|x64
		{866B66E1-7E2D-43E2-8B14-633D4B1D1747}.Release|Any CPU.ActiveCfg = Release|Any CPU
		{866B66E1-7E2D-43E2-8B14-633D4B1D1747}.Release|Any CPU.Build.0 = Release|Any CPU
		{866B66E1-7E2D-43E2-8B14-633D4B1D1747}.Release|x64.ActiveCfg = Release|x64
		{866B66E1-7E2D-43E2-8B14-633D4B1D1747}.Release|x64.Build.0 = Release|x64
		{4544D045-746C-4F9B-8FA6-9DF69986261E}.Debug|Any CPU.ActiveCfg = Debug|Any CPU
		{4544D045-746C-4F9B-8FA6-9DF69986261E}.Debug|Any CPU.Build.0 = Debug|Any CPU
		{4544D045-746C-4F9B-8FA6-9DF69986261E}.Debug|x64.ActiveCfg = Debug|Any CPU
		{4544D045-746C-4F9B-8FA6-9DF69986261E}.Debug|x64.Build.0 = Debug|Any CPU
		{4544D045-746C-4F9B-8FA6-9DF69986261E}.Release|Any CPU.ActiveCfg = Release|Any CPU
		{4544D045-746C-4F9B-8FA6-9DF69986261E}.Release|Any CPU.Build.0 = Release|Any CPU
		{4544D045-746C-4F9B-8FA6-9DF69986261E}.Release|x64.ActiveCfg = Release|Any CPU
		{4544D045-746C-4F9B-8FA6-9DF69986261E}.Release|x64.Build.0 = Release|Any CPU
	EndGlobalSection
	GlobalSection(SolutionProperties) = preSolution
		HideSolutionNode = FALSE
	EndGlobalSection
	GlobalSection(ExtensibilityGlobals) = postSolution
		SolutionGuid = {F54138A0-5481-4540-B9D2-29C8EE900FBB}
	EndGlobalSection
EndGlobal
